
Microsoft Visual Studio Solution File, Format Version 12.00
# Visual Studio 15
VisualStudioVersion = 15.0.28307.645
MinimumVisualStudioVersion = 10.0.40219.1
Project("{8BC9CEB8-8B4A-11D0-8D11-00A0C91BC942}") = "C_pointer9", "C_pointer9\C_pointer9.vcxproj", "{742A7B15-DE54-4A26-BC60-7481483EF8FE}"
EndProject
Global
	GlobalSection(SolutionConfigurationPlatforms) = preSolution
		Debug|x64 = Debug|x64
		Debug|x86 = Debug|x86
		Release|x64 = Release|x64
		Release|x86 = Release|x86
	EndGlobalSection
	GlobalSection(ProjectConfigurationPlatforms) = postSolution
		{742A7B15-DE54-4A26-BC60-7481483EF8FE}.Debug|x64.ActiveCfg = Debug|x64
		{742A7B15-DE54-4A26-BC60-7481483EF8FE}.Debug|x64.Build.0 = Debug|x64
		{742A7B15-DE54-4A26-BC60-7481483EF8FE}.Debug|x86.ActiveCfg = Debug|Win32
		{742A7B15-DE54-4A26-BC60-7481483EF8FE}.Debug|x86.Build.0 = Debug|Win32
		{742A7B15-DE54-4A26-BC60-7481483EF8FE}.Release|x64.ActiveCfg = Release|x64
		{742A7B15-DE54-4A26-BC60-7481483EF8FE}.Release|x64.Build.0 = Release|x64
		{742A7B15-DE54-4A26-BC60-7481483EF8FE}.Release|x86.ActiveCfg = Release|Win32
		{742A7B15-DE54-4A26-BC60-7481483EF8FE}.Release|x86.Build.0 = Release|Win32
	EndGlobalSection
	GlobalSection(SolutionProperties) = preSolution
		HideSolutionNode = FALSE
	EndGlobalSection
	GlobalSection(ExtensibilityGlobals) = postSolution
		SolutionGuid = {380B1BA6-93C3-4A74-A006-A8A65A7D21D4}
	EndGlobalSection
EndGlobal
